{
  "requires": true,
  "lockfileVersion": 1,
  "dependencies": {
    "pptr": {
      "version": "0.0.0",
      "resolved": "https://registry.npmjs.org/pptr/-/pptr-0.0.0.tgz",
      "integrity": "sha512-SAH4ngBTjk0CYPnIcvDWvOqUCzsbYS1iBLpYnEGe2hiTWUPYlNzIPPAp4cmMc++dsH+2leKai5nYFaRniUIcyw=="
    }
  }
}
